
Microsoft Visual Studio Solution File, Format Version 12.00
# Visual Studio Version 17
VisualStudioVersion = 17.1.32319.34
MinimumVisualStudioVersion = 10.0.40219.1
Project("{2150E333-8FDC-42A3-9474-1A3956D46DE8}") = "Solution Items", "Solution Items", "{38E59057-DA32-43D1-8B86-F0D1215947FC}"
	ProjectSection(SolutionItems) = preProject
		.editorconfig = .editorconfig
		Library\Directory.Build.props = Library\Directory.Build.props
		..\README.md = ..\README.md
	EndProjectSection
EndProject
Project("{2150E333-8FDC-42A3-9474-1A3956D46DE8}") = "Tutorials", "Tutorials", "{3AB71436-916F-4A1D-BA2F-AD01A7DDD538}"
EndProject
Project("{2150E333-8FDC-42A3-9474-1A3956D46DE8}") = "01-SimpleValidation", "01-SimpleValidation", "{46051627-2318-4F36-A324-D1EAD3AFE0DE}"
	ProjectSection(SolutionItems) = preProject
		Tutorials\01-SimpleValidators\README.md = Tutorials\01-SimpleValidators\README.md
	EndProjectSection
EndProject
Project("{2150E333-8FDC-42A3-9474-1A3956D46DE8}") = "02-ComplexPropertyValidation", "02-ComplexPropertyValidation", "{0DDB239E-D98E-4367-8CAF-41A9E0C844D4}"
EndProject
Project("{9A19103F-16F7-4668-BE54-9A1E7A4F7556}") = "SimpleValidation", "Tutorials\01-SimpleValidators\SimpleValidation\SimpleValidation.csproj", "{95428567-02AF-4975-A547-FE099089BFBE}"
EndProject
Project("{9A19103F-16F7-4668-BE54-9A1E7A4F7556}") = "ComplexPropertyValidation", "Tutorials\02-ComplexPropertyValidation\ComplexPropertyValidation\ComplexPropertyValidation.csproj", "{A1FF8D44-AE50-45A8-A0B9-32E81C190241}"
EndProject
Project("{2150E333-8FDC-42A3-9474-1A3956D46DE8}") = "03-ComplexTreeValidation", "03-ComplexTreeValidation", "{F5D12AD7-8366-48A3-A519-FEC2102F1718}"
	ProjectSection(SolutionItems) = preProject
		Tutorials\03-ComplexTreeValidation\README.md = Tutorials\03-ComplexTreeValidation\README.md
	EndProjectSection
EndProject
Project("{9A19103F-16F7-4668-BE54-9A1E7A4F7556}") = "ComplexTreeValidation", "Tutorials\03-ComplexTreeValidation\ComplexTreeValidation\ComplexTreeValidation.csproj", "{8F5133AE-ABB9-4CA5-9CF2-5BD2A865181F}"
EndProject
Project("{9A19103F-16F7-4668-BE54-9A1E7A4F7556}") = "Morris.DataAnnotations.ObjectTreeValidator", "Library\Morris.DataAnnotations.ObjectTreeValidator\Morris.DataAnnotations.ObjectTreeValidator.csproj", "{1A5F5E60-108D-451F-B2E8-E0CFA54A16C2}"
EndProject
Project("{2150E333-8FDC-42A3-9474-1A3956D46DE8}") = "Docs", "Docs", "{D12434DC-F0B6-450D-97E7-4AD14A8ABA39}"
	ProjectSection(SolutionItems) = preProject
		..\Docs\releases.md = ..\Docs\releases.md
	EndProjectSection
EndProject
Global
	GlobalSection(SolutionConfigurationPlatforms) = preSolution
		Debug|Any CPU = Debug|Any CPU
		Release|Any CPU = Release|Any CPU
	EndGlobalSection
	GlobalSection(ProjectConfigurationPlatforms) = postSolution
		{95428567-02AF-4975-A547-FE099089BFBE}.Debug|Any CPU.ActiveCfg = Debug|Any CPU
		{95428567-02AF-4975-A547-FE099089BFBE}.Debug|Any CPU.Build.0 = Debug|Any CPU
		{95428567-02AF-4975-A547-FE099089BFBE}.Release|Any CPU.ActiveCfg = Release|Any CPU
		{95428567-02AF-4975-A547-FE099089BFBE}.Release|Any CPU.Build.0 = Release|Any CPU
		{A1FF8D44-AE50-45A8-A0B9-32E81C190241}.Debug|Any CPU.ActiveCfg = Debug|Any CPU
		{A1FF8D44-AE50-45A8-A0B9-32E81C190241}.Debug|Any CPU.Build.0 = Debug|Any CPU
		{A1FF8D44-AE50-45A8-A0B9-32E81C190241}.Release|Any CPU.ActiveCfg = Release|Any CPU
		{A1FF8D44-AE50-45A8-A0B9-32E81C190241}.Release|Any CPU.Build.0 = Release|Any CPU
		{8F5133AE-ABB9-4CA5-9CF2-5BD2A865181F}.Debug|Any CPU.ActiveCfg = Debug|Any CPU
		{8F5133AE-ABB9-4CA5-9CF2-5BD2A865181F}.Debug|Any CPU.Build.0 = Debug|Any CPU
		{8F5133AE-ABB9-4CA5-9CF2-5BD2A865181F}.Release|Any CPU.ActiveCfg = Release|Any CPU
		{8F5133AE-ABB9-4CA5-9CF2-5BD2A865181F}.Release|Any CPU.Build.0 = Release|Any CPU
		{1A5F5E60-108D-451F-B2E8-E0CFA54A16C2}.Debug|Any CPU.ActiveCfg = Debug|Any CPU
		{1A5F5E60-108D-451F-B2E8-E0CFA54A16C2}.Debug|Any CPU.Build.0 = Debug|Any CPU
		{1A5F5E60-108D-451F-B2E8-E0CFA54A16C2}.Release|Any CPU.ActiveCfg = Release|Any CPU
		{1A5F5E60-108D-451F-B2E8-E0CFA54A16C2}.Release|Any CPU.Build.0 = Release|Any CPU
	EndGlobalSection
	GlobalSection(SolutionProperties) = preSolution
		HideSolutionNode = FALSE
	EndGlobalSection
	GlobalSection(NestedProjects) = preSolution
		{46051627-2318-4F36-A324-D1EAD3AFE0DE} = {3AB71436-916F-4A1D-BA2F-AD01A7DDD538}
		{0DDB239E-D98E-4367-8CAF-41A9E0C844D4} = {3AB71436-916F-4A1D-BA2F-AD01A7DDD538}
		{95428567-02AF-4975-A547-FE099089BFBE} = {46051627-2318-4F36-A324-D1EAD3AFE0DE}
		{A1FF8D44-AE50-45A8-A0B9-32E81C190241} = {0DDB239E-D98E-4367-8CAF-41A9E0C844D4}
		{F5D12AD7-8366-48A3-A519-FEC2102F1718} = {3AB71436-916F-4A1D-BA2F-AD01A7DDD538}
		{8F5133AE-ABB9-4CA5-9CF2-5BD2A865181F} = {F5D12AD7-8366-48A3-A519-FEC2102F1718}
	EndGlobalSection
	GlobalSection(ExtensibilityGlobals) = postSolution
		SolutionGuid = {1658B72E-8BE8-49E9-99B1-9E51120E33D7}
	EndGlobalSection
EndGlobal
